
Microsoft Visual Studio Solution File, Format Version 12.00
# Visual Studio Version 17
VisualStudioVersion = 17.9.34607.119
MinimumVisualStudioVersion = 10.0.40219.1
Project("{FAE04EC0-301F-11D3-BF4B-00C04F79EFBC}") = "Tema1_Ex6", "Tema1_Ex6\Tema1_Ex6.csproj", "{3854BE71-45C8-4809-AAD8-4081C69A15BF}"
EndProject
Global
	GlobalSection(SolutionConfigurationPlatforms) = preSolution
		Debug|Any CPU = Debug|Any CPU
		Release|Any CPU = Release|Any CPU
	EndGlobalSection
	GlobalSection(ProjectConfigurationPlatforms) = postSolution
		{3854BE71-45C8-4809-AAD8-4081C69A15BF}.Debug|Any CPU.ActiveCfg = Debug|Any CPU
		{3854BE71-45C8-4809-AAD8-4081C69A15BF}.Debug|Any CPU.Build.0 = Debug|Any CPU
		{3854BE71-45C8-4809-AAD8-4081C69A15BF}.Release|Any CPU.ActiveCfg = Release|Any CPU
		{3854BE71-45C8-4809-AAD8-4081C69A15BF}.Release|Any CPU.Build.0 = Release|Any CPU
	EndGlobalSection
	GlobalSection(SolutionProperties) = preSolution
		HideSolutionNode = FALSE
	EndGlobalSection
	GlobalSection(ExtensibilityGlobals) = postSolution
		SolutionGuid = {6009270C-3608-4320-918D-F9EA842E6FCD}
	EndGlobalSection
EndGlobal
